// !$*UTF8*$!
{
	archiveVersion = 1;
	classes = {
	};
	objectVersion = 50;
	objects = {

/* Begin PBXBuildFile section */
		A8888323268CB89B009A335F /* AppDelegate.swift in Sources */ = {isa = PBXBuildFile; fileRef = A8888322268CB89B009A335F /* AppDelegate.swift */; };
		A8888325268CB89B009A335F /* SceneDelegate.swift in Sources */ = {isa = PBXBuildFile; fileRef = A8888324268CB89B009A335F /* SceneDelegate.swift */; };
		A8888327268CB89B009A335F /* ListViewController.swift in Sources */ = {isa = PBXBuildFile; fileRef = A8888326268CB89B009A335F /* ListViewController.swift */; };
		A888832A268CB89B009A335F /* Main.storyboard in Resources */ = {isa = PBXBuildFile; fileRef = A8888328268CB89B009A335F /* Main.storyboard */; };
		A888832C268CB8A5009A335F /* Assets.xcassets in Resources */ = {isa = PBXBuildFile; fileRef = A888832B268CB8A5009A335F /* Assets.xcassets */; };
		A888832F268CB8A5009A335F /* LaunchScreen.storyboard in Resources */ = {isa = PBXBuildFile; fileRef = A888832D268CB8A5009A335F /* LaunchScreen.storyboard */; };
		A8888337268CC589009A335F /* Creatures.swift in Sources */ = {isa = PBXBuildFile; fileRef = A8888336268CC589009A335F /* Creatures.swift */; };
/* End PBXBuildFile section */

/* Begin PBXFileReference section */
		A888831F268CB89B009A335F /* Catch 'em All.app */ = {isa = PBXFileReference; explicitFileType = wrapper.application; includeInIndex = 0; path = "Catch 'em All.app"; sourceTree = BUILT_PRODUCTS_DIR; };
		A8888322268CB89B009A335F /* AppDelegate.swift */ = {isa = PBXFileReference; lastKnownFileType = sourcecode.swift; path = AppDelegate.swift; sourceTree = "<group>"; };
		A8888324268CB89B009A335F /* SceneDelegate.swift */ = {isa = PBXFileReference; lastKnownFileType = sourcecode.swift; path = SceneDelegate.swift; sourceTree = "<group>"; };
		A8888326268CB89B009A335F /* ListViewController.swift */ = {isa = PBXFileReference; lastKnownFileType = sourcecode.swift; path = ListViewController.swift; sourceTree = "<group>"; };
		A8888329268CB89B009A335F /* Base */ = {isa = PBXFileReference; lastKnownFileType = file.storyboard; name = Base; path = Base.lproj/Main.storyboard; sourceTree = "<group>"; };
		A888832B268CB8A5009A335F /* Assets.xcassets */ = {isa = PBXFileReference; lastKnownFileType = folder.assetcatalog; path = Assets.xcassets; sourceTree = "<group>"; };
		A888832E268CB8A5009A335F /* Base */ = {isa = PBXFileReference; lastKnownFileType = file.storyboard; name = Base; path = Base.lproj/LaunchScreen.storyboard; sourceTree = "<group>"; };
		A8888330268CB8A5009A335F /* Info.plist */ = {isa = PBXFileReference; lastKnownFileType = text.plist.xml; path = Info.plist; sourceTree = "<group>"; };
		A8888336268CC589009A335F /* Creatures.swift */ = {isa = PBXFileReference; lastKnownFileType = sourcecode.swift; path = Creatures.swift; sourceTree = "<group>"; };
/* End PBXFileReference section */

/* Begin PBXFrameworksBuildPhase section */
		A888831C268CB89B009A335F /* Frameworks */ = {
			isa = PBXFrameworksBuildPhase;
			buildActionMask = 2147483647;
			files = (
			);
			runOnlyForDeploymentPostprocessing = 0;
		};
/* End PBXFrameworksBuildPhase section */

/* Begin PBXGroup section */
		A8888316268CB89B009A335F = {
			isa = PBXGroup;
			children = (
				A8888321268CB89B009A335F /* Catch 'em All */,
				A8888320268CB89B009A335F /* Products */,
			);
			sourceTree = "<group>";
		};
		A8888320268CB89B009A335F /* Products */ = {
			isa = PBXGroup;
			children = (
				A888831F268CB89B009A335F /* Catch 'em All.app */,
			);
			name = Products;
			sourceTree = "<group>";
		};
		A8888321268CB89B009A335F /* Catch 'em All */ = {
			isa = PBXGroup;
			children = (
				A8888322268CB89B009A335F /* AppDelegate.swift */,
				A8888324268CB89B009A335F /* SceneDelegate.swift */,
				A8888336268CC589009A335F /* Creatures.swift */,
				A8888326268CB89B009A335F /* ListViewController.swift */,
				A8888328268CB89B009A335F /* Main.storyboard */,
				A888832B268CB8A5009A335F /* Assets.xcassets */,
				A888832D268CB8A5009A335F /* LaunchScreen.storyboard */,
				A8888330268CB8A5009A335F /* Info.plist */,
			);
			path = "Catch 'em All";
			sourceTree = "<group>";
		};
/* End PBXGroup section */

/* Begin PBXNativeTarget section */
		A888831E268CB89B009A335F /* Catch 'em All */ = {
			isa = PBXNativeTarget;
			buildConfigurationList = A8888333268CB8A5009A335F /* Build configuration list for PBXNativeTarget "Catch 'em All" */;
			buildPhases = (
				A888831B268CB89B009A335F /* Sources */,
				A888831C268CB89B009A335F /* Frameworks */,
				A888831D268CB89B009A335F /* Resources */,
			);
			buildRules = (
			);
			dependencies = (
			);
			name = "Catch 'em All";
			productName = "Catch 'em All";
			productReference = A888831F268CB89B009A335F /* Catch 'em All.app */;
			productType = "com.apple.product-type.application";
		};
/* End PBXNativeTarget section */

/* Begin PBXProject section */
		A8888317268CB89B009A335F /* Project object */ = {
			isa = PBXProject;
			attributes = {
				LastSwiftUpdateCheck = 1250;
				LastUpgradeCheck = 1250;
				TargetAttributes = {
					A888831E268CB89B009A335F = {
						CreatedOnToolsVersion = 12.5.1;
					};
				};
			};
			buildConfigurationList = A888831A268CB89B009A335F /* Build configuration list for PBXProject "Catch 'em All" */;
			compatibilityVersion = "Xcode 9.3";
			developmentRegion = en;
			hasScannedForEncodings = 0;
			knownRegions = (
				en,
				Base,
			);
			mainGroup = A8888316268CB89B009A335F;
			productRefGroup = A8888320268CB89B009A335F /* Products */;
			projectDirPath = "";
			projectRoot = "";
			targets = (
				A888831E268CB89B009A335F /* Catch 'em All */,
			);
		};
/* End PBXProject section */

/* Begin PBXResourcesBuildPhase section */
		A888831D268CB89B009A335F /* Resources */ = {
			isa = PBXResourcesBuildPhase;
			buildActionMask = 2147483647;
			files = (
				A888832F268CB8A5009A335F /* LaunchScreen.storyboard in Resources */,
				A888832C268CB8A5009A335F /* Assets.xcassets in Resources */,
				A888832A268CB89B009A335F /* Main.storyboard in Resources */,
			);
			runOnlyForDeploymentPostprocessing = 0;
		};
/* End PBXResourcesBuildPhase section */

/* Begin PBXSourcesBuildPhase section */
		A888831B268CB89B009A335F /* Sources */ = {
			isa = PBXSourcesBuildPhase;
			buildActionMask = 2147483647;
			files = (
				A8888337268CC589009A335F /* Creatures.swift in Sources */,
				A8888327268CB89B009A335F /* ListViewController.swift in Sources */,
				A8888323268CB89B009A335F /* AppDelegate.swift in Sources */,
				A8888325268CB89B009A335F /* SceneDelegate.swift in Sources */,
			);
			runOnlyForDeploymentPostprocessing = 0;
		};
/* End PBXSourcesBuildPhase section */

/* Begin PBXVariantGroup section */
		A8888328268CB89B009A335F /* Main.storyboard */ = {
			isa = PBXVariantGroup;
			children = (
				A8888329268CB89B009A335F /* Base */,
			);
			name = Main.storyboard;
			sourceTree = "<group>";
		};
		A888832D268CB8A5009A335F /* LaunchScreen.storyboard */ = {
			isa = PBXVariantGroup;
			children = (
				A888832E268CB8A5009A335F /* Base */,
			);
			name = LaunchScreen.storyboard;
			sourceTree = "<group>";
		};
/* End PBXVariantGroup section */

/* Begin XCBuildConfiguration section */
		A8888331268CB8A5009A335F /* Debug */ = {
			isa = XCBuildConfiguration;
			buildSettings = {
				ALWAYS_SEARCH_USER_PATHS = NO;
				CLANG_ANALYZER_NONNULL = YES;
				CLANG_ANALYZER_NUMBER_OBJECT_CONVERSION = YES_AGGRESSIVE;
				CLANG_CXX_LANGUAGE_STANDARD = "gnu++14";
				CLANG_CXX_LIBRARY = "libc++";
				CLANG_ENABLE_MODULES = YES;
				CLANG_ENABLE_OBJC_ARC = YES;
				CLANG_ENABLE_OBJC_WEAK = YES;
				CLANG_WARN_BLOCK_CAPTURE_AUTORELEASING = YES;
				CLANG_WARN_BOOL_CONVERSION = YES;
				CLANG_WARN_COMMA = YES;
				CLANG_WARN_CONSTANT_CONVERSION = YES;
				CLANG_WARN_DEPRECATED_OBJC_IMPLEMENTATIONS = YES;
				CLANG_WARN_DIRECT_OBJC_ISA_USAGE = YES_ERROR;
				CLANG_WARN_DOCUMENTATION_COMMENTS = YES;
				CLANG_WARN_EMPTY_BODY = YES;
				CLANG_WARN_ENUM_CONVERSION = YES;
				CLANG_WARN_INFINITE_RECURSION = YES;
				CLANG_WARN_INT_CONVERSION = YES;
				CLANG_WARN_NON_LITERAL_NULL_CONVERSION = YES;
				CLANG_WARN_OBJC_IMPLICIT_RETAIN_SELF = YES;
				CLANG_WARN_OBJC_LITERAL_CONVERSION = YES;
				CLANG_WARN_OBJC_ROOT_CLASS = YES_ERROR;
				CLANG_WARN_QUOTED_INCLUDE_IN_FRAMEWORK_HEADER = YES;
				CLANG_WARN_RANGE_LOOP_ANALYSIS = YES;
				CLANG_WARN_STRICT_PROTOTYPES = YES;
				CLANG_WARN_SUSPICIOUS_MOVE = YES;
				CLANG_WARN_UNGUARDED_AVAILABILITY = YES_AGGRESSIVE;
				CLANG_WARN_UNREACHABLE_CODE = YES;
				CLANG_WARN__DUPLICATE_METHOD_MATCH = YES;
				COPY_PHASE_STRIP = NO;
				DEBUG_INFORMATION_FORMAT = dwarf;
				ENABLE_STRICT_OBJC_MSGSEND = YES;
				ENABLE_TESTABILITY = YES;
				GCC_C_LANGUAGE_STANDARD = gnu11;
				GCC_DYNAMIC_NO_PIC = NO;
				GCC_NO_COMMON_BLOCKS = YES;
				GCC_OPTIMIZATION_LEVEL = 0;
				GCC_PREPROCESSOR_DEFINITIONS = (
					"DEBUG=1",
					"$(inherited)",
				);
				GCC_WARN_64_TO_32_BIT_CONVERSION = YES;
				GCC_WARN_ABOUT_RETURN_TYPE = YES_ERROR;
				GCC_WARN_UNDECLARED_SELECTOR = YES;
				GCC_WARN_UNINITIALIZED_AUTOS = YES_AGGRESSIVE;
				GCC_WARN_UNUSED_FUNCTION = YES;
				GCC_WARN_UNUSED_VARIABLE = YES;
				IPHONEOS_DEPLOYMENT_TARGET = 14.5;
				MTL_ENABLE_DEBUG_INFO = INCLUDE_SOURCE;
				MTL_FAST_MATH = YES;
				ONLY_ACTIVE_ARCH = YES;
				SDKROOT = iphoneos;
				SWIFT_ACTIVE_COMPILATION_CONDITIONS = DEBUG;
				SWIFT_OPTIMIZATION_LEVEL = "-Onone";
			};
			name = Debug;
		};
		A8888332268CB8A5009A335F /* Release */ = {
			isa = XCBuildConfiguration;
			buildSettings = {
				ALWAYS_SEARCH_USER_PATHS = NO;
				CLANG_ANALYZER_NONNULL = YES;
				CLANG_ANALYZER_NUMBER_OBJECT_CONVERSION = YES_AGGRESSIVE;
				CLANG_CXX_LANGUAGE_STANDARD = "gnu++14";
				CLANG_CXX_LIBRARY = "libc++";
				CLANG_ENABLE_MODULES = YES;
				CLANG_ENABLE_OBJC_ARC = YES;
				CLANG_ENABLE_OBJC_WEAK = YES;
				CLANG_WARN_BLOCK_CAPTURE_AUTORELEASING = YES;
				CLANG_WARN_BOOL_CONVERSION = YES;
				CLANG_WARN_COMMA = YES;
				CLANG_WARN_CONSTANT_CONVERSION = YES;
				CLANG_WARN_DEPRECATED_OBJC_IMPLEMENTATIONS = YES;
				CLANG_WARN_DIRECT_OBJC_ISA_USAGE = YES_ERROR;
				CLANG_WARN_DOCUMENTATION_COMMENTS = YES;
				CLANG_WARN_EMPTY_BODY = YES;
				CLANG_WARN_ENUM_CONVERSION = YES;
				CLANG_WARN_INFINITE_RECURSION = YES;
				CLANG_WARN_INT_CONVERSION = YES;
				CLANG_WARN_NON_LITERAL_NULL_CONVERSION = YES;
				CLANG_WARN_OBJC_IMPLICIT_RETAIN_SELF = YES;
				CLANG_WARN_OBJC_LITERAL_CONVERSION = YES;
				CLANG_WARN_OBJC_ROOT_CLASS = YES_ERROR;
				CLANG_WARN_QUOTED_INCLUDE_IN_FRAMEWORK_HEADER = YES;
				CLANG_WARN_RANGE_LOOP_ANALYSIS = YES;
				CLANG_WARN_STRICT_PROTOTYPES = YES;
				CLANG_WARN_SUSPICIOUS_MOVE = YES;
				CLANG_WARN_UNGUARDED_AVAILABILITY = YES_AGGRESSIVE;
				CLANG_WARN_UNREACHABLE_CODE = YES;
				CLANG_WARN__DUPLICATE_METHOD_MATCH = YES;
				COPY_PHASE_STRIP = NO;
				DEBUG_INFORMATION_FORMAT = "dwarf-with-dsym";
				ENABLE_NS_ASSERTIONS = NO;
				ENABLE_STRICT_OBJC_MSGSEND = YES;
				GCC_C_LANGUAGE_STANDARD = gnu11;
				GCC_NO_COMMON_BLOCKS = YES;
				GCC_WARN_64_TO_32_BIT_CONVERSION = YES;
				GCC_WARN_ABOUT_RETURN_TYPE = YES_ERROR;
				GCC_WARN_UNDECLARED_SELECTOR = YES;
				GCC_WARN_UNINITIALIZED_AUTOS = YES_AGGRESSIVE;
				GCC_WARN_UNUSED_FUNCTION = YES;
				GCC_WARN_UNUSED_VARIABLE = YES;
				IPHONEOS_DEPLOYMENT_TARGET = 14.5;
				MTL_ENABLE_DEBUG_INFO = NO;
				MTL_FAST_MATH = YES;
				SDKROOT = iphoneos;
				SWIFT_COMPILATION_MODE = wholemodule;
				SWIFT_OPTIMIZATION_LEVEL = "-O";
				VALIDATE_PRODUCT = YES;
			};
			name = Release;
		};
		A8888334268CB8A5009A335F /* Debug */ = {
			isa = XCBuildConfiguration;
			buildSettings = {
				ASSETCATALOG_COMPILER_APPICON_NAME = AppIcon;
				ASSETCATALOG_COMPILER_GLOBAL_ACCENT_COLOR_NAME = AccentColor;
				CODE_SIGN_STYLE = Automatic;
				DEVELOPMENT_TEAM = 2X347Y7P5E;
				INFOPLIST_FILE = "Catch 'em All/Info.plist";
				LD_RUNPATH_SEARCH_PATHS = (
					"$(inherited)",
					"@executable_path/Frameworks",
				);
				PRODUCT_BUNDLE_IDENTIFIER = "com.rickmartinapps.Catch--em-All";
				PRODUCT_NAME = "$(TARGET_NAME)";
				SWIFT_VERSION = 5.0;
				TARGETED_DEVICE_FAMILY = "1,2";
			};
			name = Debug;
		};
		A8888335268CB8A5009A335F /* Release */ = {
			isa = XCBuildConfiguration;
			buildSettings = {
				ASSETCATALOG_COMPILER_APPICON_NAME = AppIcon;
				ASSETCATALOG_COMPILER_GLOBAL_ACCENT_COLOR_NAME = AccentColor;
				CODE_SIGN_STYLE = Automatic;
				DEVELOPMENT_TEAM = 2X347Y7P5E;
				INFOPLIST_FILE = "Catch 'em All/Info.plist";
				LD_RUNPATH_SEARCH_PATHS = (
					"$(inherited)",
					"@executable_path/Frameworks",
				);
				PRODUCT_BUNDLE_IDENTIFIER = "com.rickmartinapps.Catch--em-All";
				PRODUCT_NAME = "$(TARGET_NAME)";
				SWIFT_VERSION = 5.0;
				TARGETED_DEVICE_FAMILY = "1,2";
			};
			name = Release;
		};
/* End XCBuildConfiguration section */

/* Begin XCConfigurationList section */
		A888831A268CB89B009A335F /* Build configuration list for PBXProject "Catch 'em All" */ = {
			isa = XCConfigurationList;
			buildConfigurations = (
				A8888331268CB8A5009A335F /* Debug */,
				A8888332268CB8A5009A335F /* Release */,
			);
			defaultConfigurationIsVisible = 0;
			defaultConfigurationName = Release;
		};
		A8888333268CB8A5009A335F /* Build configuration list for PBXNativeTarget "Catch 'em All" */ = {
			isa = XCConfigurationList;
			buildConfigurations = (
				A8888334268CB8A5009A335F /* Debug */,
				A8888335268CB8A5009A335F /* Release */,
			);
			defaultConfigurationIsVisible = 0;
			defaultConfigurationName = Release;
		};
/* End XCConfigurationList section */
	};
	rootObject = A8888317268CB89B009A335F /* Project object */;
}
